{
  "name": "red-contrib-docxtemplater",
  "version": "1.0.0",
  "lockfileVersion": 3,
  "requires": true,
  "packages": {
    "": {
      "name": "red-contrib-docxtemplater",
      "version": "1.0.0",
      "license": "ISC",
      "dependencies": {
        "docxtemplater": "^3.34.3",
        "pizzip": "^3.1.4"
      }
    },
    "node_modules/@xmldom/xmldom": {
      "version": "0.8.6",
      "resolved": "https://registry.npmjs.org/@xmldom/xmldom/-/xmldom-0.8.6.tgz",
      "integrity": "sha512-uRjjusqpoqfmRkTaNuLJ2VohVr67Q5YwDATW3VU7PfzTj6IRaihGrYI7zckGZjxQPBIp63nfvJbM+Yu5ICh0Bg==",
      "engines": {
        "node": ">=10.0.0"
      }
    },
    "node_modules/docxtemplater": {
      "version": "3.34.3",
      "resolved": "https://registry.npmjs.org/docxtemplater/-/docxtemplater-3.34.3.tgz",
      "integrity": "sha512-F+WNhyj42EOlrtXHvOpMipP9s+VqD8eEdaDpQxgVxdvMc7iEIjsCUq3rS2+UQsKQ8uADTJmwc016JfE6AG/DEQ==",
      "dependencies": {
        "@xmldom/xmldom": "^0.8.6"
      },
      "engines": {
        "node": ">=0.10"
      }
    },
    "node_modules/pako": {
      "version": "2.1.0",
      "resolved": "https://registry.npmjs.org/pako/-/pako-2.1.0.tgz",
      "integrity": "sha512-w+eufiZ1WuJYgPXbV/PO3NCMEc3xqylkKHzp8bxp1uW4qaSNQUkwmLLEc3kKsfz8lpV1F8Ht3U1Cm+9Srog2ug=="
    },
    "node_modules/pizzip": {
      "version": "3.1.4",
      "resolved": "https://registry.npmjs.org/pizzip/-/pizzip-3.1.4.tgz",
      "integrity": "sha512-08yol1Of5Og1E0a1R56c+Z1jVkvfTEBUouwG9WYwCqpj8BjdcpEpLgZsrdLFNQYRgtxK0OOe0JpmBWJdrPr6Dg==",
      "dependencies": {
        "pako": "^2.1.0"
      }
    }
  }
}
